
Microsoft Visual Studio Solution File, Format Version 12.00
# Visual Studio Version 17
VisualStudioVersion = 17.2.32616.157
MinimumVisualStudioVersion = 10.0.40219.1
Project("{FAE04EC0-301F-11D3-BF4B-00C04F79EFBC}") = "DomainUpDownApp", "DomainUpDownApp\DomainUpDownApp.csproj", "{953F9F68-5583-4C38-A4A5-70A876AB2B1C}"
EndProject
Global
	GlobalSection(SolutionConfigurationPlatforms) = preSolution
		Debug|Any CPU = Debug|Any CPU
		Release|Any CPU = Release|Any CPU
	EndGlobalSection
	GlobalSection(ProjectConfigurationPlatforms) = postSolution
		{953F9F68-5583-4C38-A4A5-70A876AB2B1C}.Debug|Any CPU.ActiveCfg = Debug|Any CPU
		{953F9F68-5583-4C38-A4A5-70A876AB2B1C}.Debug|Any CPU.Build.0 = Debug|Any CPU
		{953F9F68-5583-4C38-A4A5-70A876AB2B1C}.Release|Any CPU.ActiveCfg = Release|Any CPU
		{953F9F68-5583-4C38-A4A5-70A876AB2B1C}.Release|Any CPU.Build.0 = Release|Any CPU
	EndGlobalSection
	GlobalSection(SolutionProperties) = preSolution
		HideSolutionNode = FALSE
	EndGlobalSection
	GlobalSection(ExtensibilityGlobals) = postSolution
		SolutionGuid = {8A24F16C-7E82-4AC9-9CF0-8CB454D95011}
	EndGlobalSection
EndGlobal
