
Microsoft Visual Studio Solution File, Format Version 12.00
# Visual Studio Version 17
VisualStudioVersion = 17.2.32616.157
MinimumVisualStudioVersion = 10.0.40219.1
Project("{FAE04EC0-301F-11D3-BF4B-00C04F79EFBC}") = "DrawStringApp", "DrawStringApp\DrawStringApp.csproj", "{1CA84749-6BD3-45AD-9D6E-92A7C34A70E4}"
EndProject
Global
	GlobalSection(SolutionConfigurationPlatforms) = preSolution
		Debug|Any CPU = Debug|Any CPU
		Release|Any CPU = Release|Any CPU
	EndGlobalSection
	GlobalSection(ProjectConfigurationPlatforms) = postSolution
		{1CA84749-6BD3-45AD-9D6E-92A7C34A70E4}.Debug|Any CPU.ActiveCfg = Debug|Any CPU
		{1CA84749-6BD3-45AD-9D6E-92A7C34A70E4}.Debug|Any CPU.Build.0 = Debug|Any CPU
		{1CA84749-6BD3-45AD-9D6E-92A7C34A70E4}.Release|Any CPU.ActiveCfg = Release|Any CPU
		{1CA84749-6BD3-45AD-9D6E-92A7C34A70E4}.Release|Any CPU.Build.0 = Release|Any CPU
	EndGlobalSection
	GlobalSection(SolutionProperties) = preSolution
		HideSolutionNode = FALSE
	EndGlobalSection
	GlobalSection(ExtensibilityGlobals) = postSolution
		SolutionGuid = {43CA1838-FAD2-44CE-BFDB-DA0760E9F1D0}
	EndGlobalSection
EndGlobal
