
Microsoft Visual Studio Solution File, Format Version 12.00
# Visual Studio Version 17
VisualStudioVersion = 17.2.32616.157
MinimumVisualStudioVersion = 10.0.40219.1
Project("{FAE04EC0-301F-11D3-BF4B-00C04F79EFBC}") = "ColorDialog", "ColorDialog\ColorDialog.csproj", "{BB22DCB7-35DA-409F-A4CC-6C9642CD7796}"
EndProject
Global
	GlobalSection(SolutionConfigurationPlatforms) = preSolution
		Debug|Any CPU = Debug|Any CPU
		Release|Any CPU = Release|Any CPU
	EndGlobalSection
	GlobalSection(ProjectConfigurationPlatforms) = postSolution
		{BB22DCB7-35DA-409F-A4CC-6C9642CD7796}.Debug|Any CPU.ActiveCfg = Debug|Any CPU
		{BB22DCB7-35DA-409F-A4CC-6C9642CD7796}.Debug|Any CPU.Build.0 = Debug|Any CPU
		{BB22DCB7-35DA-409F-A4CC-6C9642CD7796}.Release|Any CPU.ActiveCfg = Release|Any CPU
		{BB22DCB7-35DA-409F-A4CC-6C9642CD7796}.Release|Any CPU.Build.0 = Release|Any CPU
	EndGlobalSection
	GlobalSection(SolutionProperties) = preSolution
		HideSolutionNode = FALSE
	EndGlobalSection
	GlobalSection(ExtensibilityGlobals) = postSolution
		SolutionGuid = {62FF8461-0661-4EE2-BA0F-A29018323DAC}
	EndGlobalSection
EndGlobal
