
Microsoft Visual Studio Solution File, Format Version 12.00
# Visual Studio Version 17
VisualStudioVersion = 17.2.32616.157
MinimumVisualStudioVersion = 10.0.40219.1
Project("{FAE04EC0-301F-11D3-BF4B-00C04F79EFBC}") = "CompoundAssignmentApp", "CompoundAssignmentApp.csproj", "{3E5DCEA1-ACC8-40FF-AE7C-3E7C569AEEEB}"
EndProject
Global
	GlobalSection(SolutionConfigurationPlatforms) = preSolution
		Debug|Any CPU = Debug|Any CPU
		Release|Any CPU = Release|Any CPU
	EndGlobalSection
	GlobalSection(ProjectConfigurationPlatforms) = postSolution
		{3E5DCEA1-ACC8-40FF-AE7C-3E7C569AEEEB}.Debug|Any CPU.ActiveCfg = Debug|Any CPU
		{3E5DCEA1-ACC8-40FF-AE7C-3E7C569AEEEB}.Debug|Any CPU.Build.0 = Debug|Any CPU
		{3E5DCEA1-ACC8-40FF-AE7C-3E7C569AEEEB}.Release|Any CPU.ActiveCfg = Release|Any CPU
		{3E5DCEA1-ACC8-40FF-AE7C-3E7C569AEEEB}.Release|Any CPU.Build.0 = Release|Any CPU
	EndGlobalSection
	GlobalSection(SolutionProperties) = preSolution
		HideSolutionNode = FALSE
	EndGlobalSection
	GlobalSection(ExtensibilityGlobals) = postSolution
		SolutionGuid = {D21BC00D-1C1D-4B84-835F-FB7B1D3DE22D}
	EndGlobalSection
EndGlobal
