
Microsoft Visual Studio Solution File, Format Version 12.00
# Visual Studio Version 17
VisualStudioVersion = 17.2.32616.157
MinimumVisualStudioVersion = 10.0.40219.1
Project("{FAE04EC0-301F-11D3-BF4B-00C04F79EFBC}") = "CalculatorApp", "CalculatorApp.csproj", "{170AEA3F-3C9F-4C4E-9F50-135DA6E8222B}"
EndProject
Global
	GlobalSection(SolutionConfigurationPlatforms) = preSolution
		Debug|Any CPU = Debug|Any CPU
		Release|Any CPU = Release|Any CPU
	EndGlobalSection
	GlobalSection(ProjectConfigurationPlatforms) = postSolution
		{170AEA3F-3C9F-4C4E-9F50-135DA6E8222B}.Debug|Any CPU.ActiveCfg = Debug|Any CPU
		{170AEA3F-3C9F-4C4E-9F50-135DA6E8222B}.Debug|Any CPU.Build.0 = Debug|Any CPU
		{170AEA3F-3C9F-4C4E-9F50-135DA6E8222B}.Release|Any CPU.ActiveCfg = Release|Any CPU
		{170AEA3F-3C9F-4C4E-9F50-135DA6E8222B}.Release|Any CPU.Build.0 = Release|Any CPU
	EndGlobalSection
	GlobalSection(SolutionProperties) = preSolution
		HideSolutionNode = FALSE
	EndGlobalSection
	GlobalSection(ExtensibilityGlobals) = postSolution
		SolutionGuid = {9DC521DD-5484-4EAD-8189-E63C8B60CC7E}
	EndGlobalSection
EndGlobal
