
Microsoft Visual Studio Solution File, Format Version 12.00
# Visual Studio Version 17
VisualStudioVersion = 17.2.32616.157
MinimumVisualStudioVersion = 10.0.40219.1
Project("{FAE04EC0-301F-11D3-BF4B-00C04F79EFBC}") = "Current_exchange", "Current_exchange.csproj", "{C30F259F-CCF1-4670-9D3D-93341DDC30FD}"
EndProject
Global
	GlobalSection(SolutionConfigurationPlatforms) = preSolution
		Debug|Any CPU = Debug|Any CPU
		Release|Any CPU = Release|Any CPU
	EndGlobalSection
	GlobalSection(ProjectConfigurationPlatforms) = postSolution
		{C30F259F-CCF1-4670-9D3D-93341DDC30FD}.Debug|Any CPU.ActiveCfg = Debug|Any CPU
		{C30F259F-CCF1-4670-9D3D-93341DDC30FD}.Debug|Any CPU.Build.0 = Debug|Any CPU
		{C30F259F-CCF1-4670-9D3D-93341DDC30FD}.Release|Any CPU.ActiveCfg = Release|Any CPU
		{C30F259F-CCF1-4670-9D3D-93341DDC30FD}.Release|Any CPU.Build.0 = Release|Any CPU
	EndGlobalSection
	GlobalSection(SolutionProperties) = preSolution
		HideSolutionNode = FALSE
	EndGlobalSection
	GlobalSection(ExtensibilityGlobals) = postSolution
		SolutionGuid = {D4606F38-0B05-45A3-AC73-77BA0FC1458A}
	EndGlobalSection
EndGlobal
