
Microsoft Visual Studio Solution File, Format Version 12.00
# Visual Studio Version 17
VisualStudioVersion = 17.2.32616.157
MinimumVisualStudioVersion = 10.0.40219.1
Project("{FAE04EC0-301F-11D3-BF4B-00C04F79EFBC}") = "ComboBoxSample", "ComboBoxSample\ComboBoxSample.csproj", "{68D2A0ED-963E-4792-8742-98C35FF5F3B6}"
EndProject
Global
	GlobalSection(SolutionConfigurationPlatforms) = preSolution
		Debug|Any CPU = Debug|Any CPU
		Release|Any CPU = Release|Any CPU
	EndGlobalSection
	GlobalSection(ProjectConfigurationPlatforms) = postSolution
		{68D2A0ED-963E-4792-8742-98C35FF5F3B6}.Debug|Any CPU.ActiveCfg = Debug|Any CPU
		{68D2A0ED-963E-4792-8742-98C35FF5F3B6}.Debug|Any CPU.Build.0 = Debug|Any CPU
		{68D2A0ED-963E-4792-8742-98C35FF5F3B6}.Release|Any CPU.ActiveCfg = Release|Any CPU
		{68D2A0ED-963E-4792-8742-98C35FF5F3B6}.Release|Any CPU.Build.0 = Release|Any CPU
	EndGlobalSection
	GlobalSection(SolutionProperties) = preSolution
		HideSolutionNode = FALSE
	EndGlobalSection
	GlobalSection(ExtensibilityGlobals) = postSolution
		SolutionGuid = {4CADB585-9FC2-42F2-BE0F-1E7C08DFC431}
	EndGlobalSection
EndGlobal
