
Microsoft Visual Studio Solution File, Format Version 12.00
# Visual Studio Version 17
VisualStudioVersion = 17.2.32616.157
MinimumVisualStudioVersion = 10.0.40219.1
Project("{FAE04EC0-301F-11D3-BF4B-00C04F79EFBC}") = "ContinueStApp", "ContinueStApp.csproj", "{4625E6CD-122D-452B-A352-28CC816E22DD}"
EndProject
Global
	GlobalSection(SolutionConfigurationPlatforms) = preSolution
		Debug|Any CPU = Debug|Any CPU
		Release|Any CPU = Release|Any CPU
	EndGlobalSection
	GlobalSection(ProjectConfigurationPlatforms) = postSolution
		{4625E6CD-122D-452B-A352-28CC816E22DD}.Debug|Any CPU.ActiveCfg = Debug|Any CPU
		{4625E6CD-122D-452B-A352-28CC816E22DD}.Debug|Any CPU.Build.0 = Debug|Any CPU
		{4625E6CD-122D-452B-A352-28CC816E22DD}.Release|Any CPU.ActiveCfg = Release|Any CPU
		{4625E6CD-122D-452B-A352-28CC816E22DD}.Release|Any CPU.Build.0 = Release|Any CPU
	EndGlobalSection
	GlobalSection(SolutionProperties) = preSolution
		HideSolutionNode = FALSE
	EndGlobalSection
	GlobalSection(ExtensibilityGlobals) = postSolution
		SolutionGuid = {06BC143C-3A23-46F9-8ADC-78645B098992}
	EndGlobalSection
EndGlobal
