
Microsoft Visual Studio Solution File, Format Version 12.00
# Visual Studio Version 17
VisualStudioVersion = 17.2.32616.157
MinimumVisualStudioVersion = 10.0.40219.1
Project("{FAE04EC0-301F-11D3-BF4B-00C04F79EFBC}") = "FocusEventApp", "FocusEventApp\FocusEventApp.csproj", "{6FE40513-B200-4184-A42D-DF55CE74A7CA}"
EndProject
Global
	GlobalSection(SolutionConfigurationPlatforms) = preSolution
		Debug|Any CPU = Debug|Any CPU
		Release|Any CPU = Release|Any CPU
	EndGlobalSection
	GlobalSection(ProjectConfigurationPlatforms) = postSolution
		{6FE40513-B200-4184-A42D-DF55CE74A7CA}.Debug|Any CPU.ActiveCfg = Debug|Any CPU
		{6FE40513-B200-4184-A42D-DF55CE74A7CA}.Debug|Any CPU.Build.0 = Debug|Any CPU
		{6FE40513-B200-4184-A42D-DF55CE74A7CA}.Release|Any CPU.ActiveCfg = Release|Any CPU
		{6FE40513-B200-4184-A42D-DF55CE74A7CA}.Release|Any CPU.Build.0 = Release|Any CPU
	EndGlobalSection
	GlobalSection(SolutionProperties) = preSolution
		HideSolutionNode = FALSE
	EndGlobalSection
	GlobalSection(ExtensibilityGlobals) = postSolution
		SolutionGuid = {FD2AB952-70D5-460D-AD56-2830118C864C}
	EndGlobalSection
EndGlobal
