
Microsoft Visual Studio Solution File, Format Version 12.00
# Visual Studio Version 17
VisualStudioVersion = 17.2.32616.157
MinimumVisualStudioVersion = 10.0.40219.1
Project("{FAE04EC0-301F-11D3-BF4B-00C04F79EFBC}") = "ForStApp", "ForStApp.csproj", "{694826A5-D689-415B-8C22-F64E3A631CA2}"
EndProject
Global
	GlobalSection(SolutionConfigurationPlatforms) = preSolution
		Debug|Any CPU = Debug|Any CPU
		Release|Any CPU = Release|Any CPU
	EndGlobalSection
	GlobalSection(ProjectConfigurationPlatforms) = postSolution
		{694826A5-D689-415B-8C22-F64E3A631CA2}.Debug|Any CPU.ActiveCfg = Debug|Any CPU
		{694826A5-D689-415B-8C22-F64E3A631CA2}.Debug|Any CPU.Build.0 = Debug|Any CPU
		{694826A5-D689-415B-8C22-F64E3A631CA2}.Release|Any CPU.ActiveCfg = Release|Any CPU
		{694826A5-D689-415B-8C22-F64E3A631CA2}.Release|Any CPU.Build.0 = Release|Any CPU
	EndGlobalSection
	GlobalSection(SolutionProperties) = preSolution
		HideSolutionNode = FALSE
	EndGlobalSection
	GlobalSection(ExtensibilityGlobals) = postSolution
		SolutionGuid = {BE74C6CE-E099-410D-8FF7-1E6AF211CD11}
	EndGlobalSection
EndGlobal
