
Microsoft Visual Studio Solution File, Format Version 12.00
# Visual Studio Version 17
VisualStudioVersion = 17.2.32616.157
MinimumVisualStudioVersion = 10.0.40219.1
Project("{FAE04EC0-301F-11D3-BF4B-00C04F79EFBC}") = "GenericMethodApp", "GenericMethodApp.csproj", "{384A5831-B251-4154-8D3E-90D822D7A03A}"
EndProject
Global
	GlobalSection(SolutionConfigurationPlatforms) = preSolution
		Debug|Any CPU = Debug|Any CPU
		Release|Any CPU = Release|Any CPU
	EndGlobalSection
	GlobalSection(ProjectConfigurationPlatforms) = postSolution
		{384A5831-B251-4154-8D3E-90D822D7A03A}.Debug|Any CPU.ActiveCfg = Debug|Any CPU
		{384A5831-B251-4154-8D3E-90D822D7A03A}.Debug|Any CPU.Build.0 = Debug|Any CPU
		{384A5831-B251-4154-8D3E-90D822D7A03A}.Release|Any CPU.ActiveCfg = Release|Any CPU
		{384A5831-B251-4154-8D3E-90D822D7A03A}.Release|Any CPU.Build.0 = Release|Any CPU
	EndGlobalSection
	GlobalSection(SolutionProperties) = preSolution
		HideSolutionNode = FALSE
	EndGlobalSection
	GlobalSection(ExtensibilityGlobals) = postSolution
		SolutionGuid = {C1F6C26C-9675-49D0-AEA9-60623557D107}
	EndGlobalSection
EndGlobal
