
Microsoft Visual Studio Solution File, Format Version 12.00
# Visual Studio Version 17
VisualStudioVersion = 17.2.32616.157
MinimumVisualStudioVersion = 10.0.40219.1
Project("{FAE04EC0-301F-11D3-BF4B-00C04F79EFBC}") = "Menu", "Menu\Menu.csproj", "{917C6EEC-1849-44F6-8AA0-1359A0584C49}"
EndProject
Global
	GlobalSection(SolutionConfigurationPlatforms) = preSolution
		Debug|Any CPU = Debug|Any CPU
		Release|Any CPU = Release|Any CPU
	EndGlobalSection
	GlobalSection(ProjectConfigurationPlatforms) = postSolution
		{917C6EEC-1849-44F6-8AA0-1359A0584C49}.Debug|Any CPU.ActiveCfg = Debug|Any CPU
		{917C6EEC-1849-44F6-8AA0-1359A0584C49}.Debug|Any CPU.Build.0 = Debug|Any CPU
		{917C6EEC-1849-44F6-8AA0-1359A0584C49}.Release|Any CPU.ActiveCfg = Release|Any CPU
		{917C6EEC-1849-44F6-8AA0-1359A0584C49}.Release|Any CPU.Build.0 = Release|Any CPU
	EndGlobalSection
	GlobalSection(SolutionProperties) = preSolution
		HideSolutionNode = FALSE
	EndGlobalSection
	GlobalSection(ExtensibilityGlobals) = postSolution
		SolutionGuid = {1E8D924E-467C-45F6-B954-EF89EB9C4566}
	EndGlobalSection
EndGlobal
