
Microsoft Visual Studio Solution File, Format Version 12.00
# Visual Studio Version 17
VisualStudioVersion = 17.2.32616.157
MinimumVisualStudioVersion = 10.0.40219.1
Project("{FAE04EC0-301F-11D3-BF4B-00C04F79EFBC}") = "Mouse Paint", "Mouse Paint\Mouse Paint.csproj", "{248E7BC8-046F-4782-8392-28643EFF8BFE}"
EndProject
Global
	GlobalSection(SolutionConfigurationPlatforms) = preSolution
		Debug|Any CPU = Debug|Any CPU
		Release|Any CPU = Release|Any CPU
	EndGlobalSection
	GlobalSection(ProjectConfigurationPlatforms) = postSolution
		{248E7BC8-046F-4782-8392-28643EFF8BFE}.Debug|Any CPU.ActiveCfg = Debug|Any CPU
		{248E7BC8-046F-4782-8392-28643EFF8BFE}.Debug|Any CPU.Build.0 = Debug|Any CPU
		{248E7BC8-046F-4782-8392-28643EFF8BFE}.Release|Any CPU.ActiveCfg = Release|Any CPU
		{248E7BC8-046F-4782-8392-28643EFF8BFE}.Release|Any CPU.Build.0 = Release|Any CPU
	EndGlobalSection
	GlobalSection(SolutionProperties) = preSolution
		HideSolutionNode = FALSE
	EndGlobalSection
	GlobalSection(ExtensibilityGlobals) = postSolution
		SolutionGuid = {C25FE79F-C847-4774-9F60-40F4015FED57}
	EndGlobalSection
EndGlobal
