
Microsoft Visual Studio Solution File, Format Version 12.00
# Visual Studio Version 17
VisualStudioVersion = 17.2.32616.157
MinimumVisualStudioVersion = 10.0.40219.1
Project("{FAE04EC0-301F-11D3-BF4B-00C04F79EFBC}") = "OverloadedConstructorApp", "OverloadedConstructorApp.csproj", "{7C66484C-2419-4E4E-BB3C-8FF26612C5E9}"
EndProject
Global
	GlobalSection(SolutionConfigurationPlatforms) = preSolution
		Debug|Any CPU = Debug|Any CPU
		Release|Any CPU = Release|Any CPU
	EndGlobalSection
	GlobalSection(ProjectConfigurationPlatforms) = postSolution
		{7C66484C-2419-4E4E-BB3C-8FF26612C5E9}.Debug|Any CPU.ActiveCfg = Debug|Any CPU
		{7C66484C-2419-4E4E-BB3C-8FF26612C5E9}.Debug|Any CPU.Build.0 = Debug|Any CPU
		{7C66484C-2419-4E4E-BB3C-8FF26612C5E9}.Release|Any CPU.ActiveCfg = Release|Any CPU
		{7C66484C-2419-4E4E-BB3C-8FF26612C5E9}.Release|Any CPU.Build.0 = Release|Any CPU
	EndGlobalSection
	GlobalSection(SolutionProperties) = preSolution
		HideSolutionNode = FALSE
	EndGlobalSection
	GlobalSection(ExtensibilityGlobals) = postSolution
		SolutionGuid = {7BEDAC76-7006-4F30-AD04-8905C996FFC2}
	EndGlobalSection
EndGlobal
