
Microsoft Visual Studio Solution File, Format Version 12.00
# Visual Studio Version 17
VisualStudioVersion = 17.2.32616.157
MinimumVisualStudioVersion = 10.0.40219.1
Project("{FAE04EC0-301F-11D3-BF4B-00C04F79EFBC}") = "OverFlowApp", "OverFlowApp.csproj", "{24AA2542-19B0-41E5-B340-93BF254169BB}"
EndProject
Global
	GlobalSection(SolutionConfigurationPlatforms) = preSolution
		Debug|Any CPU = Debug|Any CPU
		Release|Any CPU = Release|Any CPU
	EndGlobalSection
	GlobalSection(ProjectConfigurationPlatforms) = postSolution
		{24AA2542-19B0-41E5-B340-93BF254169BB}.Debug|Any CPU.ActiveCfg = Debug|Any CPU
		{24AA2542-19B0-41E5-B340-93BF254169BB}.Debug|Any CPU.Build.0 = Debug|Any CPU
		{24AA2542-19B0-41E5-B340-93BF254169BB}.Release|Any CPU.ActiveCfg = Release|Any CPU
		{24AA2542-19B0-41E5-B340-93BF254169BB}.Release|Any CPU.Build.0 = Release|Any CPU
	EndGlobalSection
	GlobalSection(SolutionProperties) = preSolution
		HideSolutionNode = FALSE
	EndGlobalSection
	GlobalSection(ExtensibilityGlobals) = postSolution
		SolutionGuid = {148251A6-DF2D-42E7-A928-A8B32CB7DEA8}
	EndGlobalSection
EndGlobal
