
Microsoft Visual Studio Solution File, Format Version 12.00
# Visual Studio Version 17
VisualStudioVersion = 17.2.32616.157
MinimumVisualStudioVersion = 10.0.40219.1
Project("{FAE04EC0-301F-11D3-BF4B-00C04F79EFBC}") = "ParameterArrayApp", "ParameterArrayApp.csproj", "{FB6F62C7-EADD-4CE8-95AE-420941979B4C}"
EndProject
Global
	GlobalSection(SolutionConfigurationPlatforms) = preSolution
		Debug|Any CPU = Debug|Any CPU
		Release|Any CPU = Release|Any CPU
	EndGlobalSection
	GlobalSection(ProjectConfigurationPlatforms) = postSolution
		{FB6F62C7-EADD-4CE8-95AE-420941979B4C}.Debug|Any CPU.ActiveCfg = Debug|Any CPU
		{FB6F62C7-EADD-4CE8-95AE-420941979B4C}.Debug|Any CPU.Build.0 = Debug|Any CPU
		{FB6F62C7-EADD-4CE8-95AE-420941979B4C}.Release|Any CPU.ActiveCfg = Release|Any CPU
		{FB6F62C7-EADD-4CE8-95AE-420941979B4C}.Release|Any CPU.Build.0 = Release|Any CPU
	EndGlobalSection
	GlobalSection(SolutionProperties) = preSolution
		HideSolutionNode = FALSE
	EndGlobalSection
	GlobalSection(ExtensibilityGlobals) = postSolution
		SolutionGuid = {0D0C67BD-A37C-49F9-ABA7-745D5A921E69}
	EndGlobalSection
EndGlobal
