
Microsoft Visual Studio Solution File, Format Version 12.00
# Visual Studio Version 17
VisualStudioVersion = 17.2.32616.157
MinimumVisualStudioVersion = 10.0.40219.1
Project("{FAE04EC0-301F-11D3-BF4B-00C04F79EFBC}") = "PicturBox_Drawing_v2", "PicturBox_Drawing_v2\PicturBox_Drawing_v2.csproj", "{07C2A5BB-8897-417B-A100-4ACF37272DDA}"
EndProject
Global
	GlobalSection(SolutionConfigurationPlatforms) = preSolution
		Debug|Any CPU = Debug|Any CPU
		Release|Any CPU = Release|Any CPU
	EndGlobalSection
	GlobalSection(ProjectConfigurationPlatforms) = postSolution
		{07C2A5BB-8897-417B-A100-4ACF37272DDA}.Debug|Any CPU.ActiveCfg = Debug|Any CPU
		{07C2A5BB-8897-417B-A100-4ACF37272DDA}.Debug|Any CPU.Build.0 = Debug|Any CPU
		{07C2A5BB-8897-417B-A100-4ACF37272DDA}.Release|Any CPU.ActiveCfg = Release|Any CPU
		{07C2A5BB-8897-417B-A100-4ACF37272DDA}.Release|Any CPU.Build.0 = Release|Any CPU
	EndGlobalSection
	GlobalSection(SolutionProperties) = preSolution
		HideSolutionNode = FALSE
	EndGlobalSection
	GlobalSection(ExtensibilityGlobals) = postSolution
		SolutionGuid = {74C4F294-31FB-47F0-AC1E-F378A9EBCE4F}
	EndGlobalSection
EndGlobal
