
Microsoft Visual Studio Solution File, Format Version 12.00
# Visual Studio Version 17
VisualStudioVersion = 17.2.32616.157
MinimumVisualStudioVersion = 10.0.40219.1
Project("{FAE04EC0-301F-11D3-BF4B-00C04F79EFBC}") = "PicturBox_Drawing_v1", "PicturBox_Drawing_v1\PicturBox_Drawing_v1.csproj", "{8C640A70-6041-4AF0-9756-D16A2972FDFF}"
EndProject
Global
	GlobalSection(SolutionConfigurationPlatforms) = preSolution
		Debug|Any CPU = Debug|Any CPU
		Release|Any CPU = Release|Any CPU
	EndGlobalSection
	GlobalSection(ProjectConfigurationPlatforms) = postSolution
		{8C640A70-6041-4AF0-9756-D16A2972FDFF}.Debug|Any CPU.ActiveCfg = Debug|Any CPU
		{8C640A70-6041-4AF0-9756-D16A2972FDFF}.Debug|Any CPU.Build.0 = Debug|Any CPU
		{8C640A70-6041-4AF0-9756-D16A2972FDFF}.Release|Any CPU.ActiveCfg = Release|Any CPU
		{8C640A70-6041-4AF0-9756-D16A2972FDFF}.Release|Any CPU.Build.0 = Release|Any CPU
	EndGlobalSection
	GlobalSection(SolutionProperties) = preSolution
		HideSolutionNode = FALSE
	EndGlobalSection
	GlobalSection(ExtensibilityGlobals) = postSolution
		SolutionGuid = {ABCBE48E-1C5F-492A-A458-7BEB4E16A25A}
	EndGlobalSection
EndGlobal
