
Microsoft Visual Studio Solution File, Format Version 12.00
# Visual Studio Version 17
VisualStudioVersion = 17.2.32616.157
MinimumVisualStudioVersion = 10.0.40219.1
Project("{FAE04EC0-301F-11D3-BF4B-00C04F79EFBC}") = "PRo", "PRo\PRo.csproj", "{C97FC53A-BCB2-4BF5-AB56-B32EA64B7E15}"
EndProject
Global
	GlobalSection(SolutionConfigurationPlatforms) = preSolution
		Debug|Any CPU = Debug|Any CPU
		Release|Any CPU = Release|Any CPU
	EndGlobalSection
	GlobalSection(ProjectConfigurationPlatforms) = postSolution
		{C97FC53A-BCB2-4BF5-AB56-B32EA64B7E15}.Debug|Any CPU.ActiveCfg = Debug|Any CPU
		{C97FC53A-BCB2-4BF5-AB56-B32EA64B7E15}.Debug|Any CPU.Build.0 = Debug|Any CPU
		{C97FC53A-BCB2-4BF5-AB56-B32EA64B7E15}.Release|Any CPU.ActiveCfg = Release|Any CPU
		{C97FC53A-BCB2-4BF5-AB56-B32EA64B7E15}.Release|Any CPU.Build.0 = Release|Any CPU
	EndGlobalSection
	GlobalSection(SolutionProperties) = preSolution
		HideSolutionNode = FALSE
	EndGlobalSection
	GlobalSection(ExtensibilityGlobals) = postSolution
		SolutionGuid = {8AA7CEE9-6E37-4A56-BE53-438D09F539D9}
	EndGlobalSection
EndGlobal
