
Microsoft Visual Studio Solution File, Format Version 12.00
# Visual Studio Version 17
VisualStudioVersion = 17.2.32616.157
MinimumVisualStudioVersion = 10.0.40219.1
Project("{FAE04EC0-301F-11D3-BF4B-00C04F79EFBC}") = "RadioButtonApp", "RadioButtonApp\RadioButtonApp.csproj", "{501DDEB2-39C0-49B3-AC33-3C03A4E638D0}"
EndProject
Global
	GlobalSection(SolutionConfigurationPlatforms) = preSolution
		Debug|Any CPU = Debug|Any CPU
		Release|Any CPU = Release|Any CPU
	EndGlobalSection
	GlobalSection(ProjectConfigurationPlatforms) = postSolution
		{501DDEB2-39C0-49B3-AC33-3C03A4E638D0}.Debug|Any CPU.ActiveCfg = Debug|Any CPU
		{501DDEB2-39C0-49B3-AC33-3C03A4E638D0}.Debug|Any CPU.Build.0 = Debug|Any CPU
		{501DDEB2-39C0-49B3-AC33-3C03A4E638D0}.Release|Any CPU.ActiveCfg = Release|Any CPU
		{501DDEB2-39C0-49B3-AC33-3C03A4E638D0}.Release|Any CPU.Build.0 = Release|Any CPU
	EndGlobalSection
	GlobalSection(SolutionProperties) = preSolution
		HideSolutionNode = FALSE
	EndGlobalSection
	GlobalSection(ExtensibilityGlobals) = postSolution
		SolutionGuid = {4B2B272F-DD0E-4106-9C1A-F81404B84A1A}
	EndGlobalSection
EndGlobal
