
Microsoft Visual Studio Solution File, Format Version 12.00
# Visual Studio Version 17
VisualStudioVersion = 17.2.32616.157
MinimumVisualStudioVersion = 10.0.40219.1
Project("{FAE04EC0-301F-11D3-BF4B-00C04F79EFBC}") = "ShiftOperatorApp", "ShiftOperatorApp.csproj", "{D28302D3-00ED-4B6D-A8E3-54E2ABA820E8}"
EndProject
Global
	GlobalSection(SolutionConfigurationPlatforms) = preSolution
		Debug|Any CPU = Debug|Any CPU
		Release|Any CPU = Release|Any CPU
	EndGlobalSection
	GlobalSection(ProjectConfigurationPlatforms) = postSolution
		{D28302D3-00ED-4B6D-A8E3-54E2ABA820E8}.Debug|Any CPU.ActiveCfg = Debug|Any CPU
		{D28302D3-00ED-4B6D-A8E3-54E2ABA820E8}.Debug|Any CPU.Build.0 = Debug|Any CPU
		{D28302D3-00ED-4B6D-A8E3-54E2ABA820E8}.Release|Any CPU.ActiveCfg = Release|Any CPU
		{D28302D3-00ED-4B6D-A8E3-54E2ABA820E8}.Release|Any CPU.Build.0 = Release|Any CPU
	EndGlobalSection
	GlobalSection(SolutionProperties) = preSolution
		HideSolutionNode = FALSE
	EndGlobalSection
	GlobalSection(ExtensibilityGlobals) = postSolution
		SolutionGuid = {362516F0-6D06-41C1-8BED-D7487888FAE7}
	EndGlobalSection
EndGlobal
