
Microsoft Visual Studio Solution File, Format Version 12.00
# Visual Studio Version 17
VisualStudioVersion = 17.2.32616.157
MinimumVisualStudioVersion = 10.0.40219.1
Project("{FAE04EC0-301F-11D3-BF4B-00C04F79EFBC}") = "String_Prob_Test", "String_Prob_Test.csproj", "{703FD699-9054-4A91-ABEA-00585D027173}"
EndProject
Global
	GlobalSection(SolutionConfigurationPlatforms) = preSolution
		Debug|Any CPU = Debug|Any CPU
		Release|Any CPU = Release|Any CPU
	EndGlobalSection
	GlobalSection(ProjectConfigurationPlatforms) = postSolution
		{703FD699-9054-4A91-ABEA-00585D027173}.Debug|Any CPU.ActiveCfg = Debug|Any CPU
		{703FD699-9054-4A91-ABEA-00585D027173}.Debug|Any CPU.Build.0 = Debug|Any CPU
		{703FD699-9054-4A91-ABEA-00585D027173}.Release|Any CPU.ActiveCfg = Release|Any CPU
		{703FD699-9054-4A91-ABEA-00585D027173}.Release|Any CPU.Build.0 = Release|Any CPU
	EndGlobalSection
	GlobalSection(SolutionProperties) = preSolution
		HideSolutionNode = FALSE
	EndGlobalSection
	GlobalSection(ExtensibilityGlobals) = postSolution
		SolutionGuid = {DA0EB446-7AFB-4D07-964B-EFEDAF31E512}
	EndGlobalSection
EndGlobal
