
Microsoft Visual Studio Solution File, Format Version 12.00
# Visual Studio Version 17
VisualStudioVersion = 17.2.32616.157
MinimumVisualStudioVersion = 10.0.40219.1
Project("{FAE04EC0-301F-11D3-BF4B-00C04F79EFBC}") = "Student Registration", "Student Registration\Student Registration.csproj", "{5F21CF49-1EDC-4C50-A7D2-67766F02350F}"
EndProject
Global
	GlobalSection(SolutionConfigurationPlatforms) = preSolution
		Debug|Any CPU = Debug|Any CPU
		Release|Any CPU = Release|Any CPU
	EndGlobalSection
	GlobalSection(ProjectConfigurationPlatforms) = postSolution
		{5F21CF49-1EDC-4C50-A7D2-67766F02350F}.Debug|Any CPU.ActiveCfg = Debug|Any CPU
		{5F21CF49-1EDC-4C50-A7D2-67766F02350F}.Debug|Any CPU.Build.0 = Debug|Any CPU
		{5F21CF49-1EDC-4C50-A7D2-67766F02350F}.Release|Any CPU.ActiveCfg = Release|Any CPU
		{5F21CF49-1EDC-4C50-A7D2-67766F02350F}.Release|Any CPU.Build.0 = Release|Any CPU
	EndGlobalSection
	GlobalSection(SolutionProperties) = preSolution
		HideSolutionNode = FALSE
	EndGlobalSection
	GlobalSection(ExtensibilityGlobals) = postSolution
		SolutionGuid = {BD16786C-CFF3-4233-8498-2C034DA3EE20}
	EndGlobalSection
EndGlobal
