
Microsoft Visual Studio Solution File, Format Version 12.00
# Visual Studio Version 17
VisualStudioVersion = 17.2.32616.157
MinimumVisualStudioVersion = 10.0.40219.1
Project("{FAE04EC0-301F-11D3-BF4B-00C04F79EFBC}") = "TreeViewAPp", "TreeViewAPp\TreeViewAPp.csproj", "{2885B64F-64E2-46B7-A85A-0248B9BFFE7A}"
EndProject
Global
	GlobalSection(SolutionConfigurationPlatforms) = preSolution
		Debug|Any CPU = Debug|Any CPU
		Release|Any CPU = Release|Any CPU
	EndGlobalSection
	GlobalSection(ProjectConfigurationPlatforms) = postSolution
		{2885B64F-64E2-46B7-A85A-0248B9BFFE7A}.Debug|Any CPU.ActiveCfg = Debug|Any CPU
		{2885B64F-64E2-46B7-A85A-0248B9BFFE7A}.Debug|Any CPU.Build.0 = Debug|Any CPU
		{2885B64F-64E2-46B7-A85A-0248B9BFFE7A}.Release|Any CPU.ActiveCfg = Release|Any CPU
		{2885B64F-64E2-46B7-A85A-0248B9BFFE7A}.Release|Any CPU.Build.0 = Release|Any CPU
	EndGlobalSection
	GlobalSection(SolutionProperties) = preSolution
		HideSolutionNode = FALSE
	EndGlobalSection
	GlobalSection(ExtensibilityGlobals) = postSolution
		SolutionGuid = {52AAC1E3-863D-45A6-A0B4-3B1047FEC6AF}
	EndGlobalSection
EndGlobal
