
Microsoft Visual Studio Solution File, Format Version 12.00
# Visual Studio Version 17
VisualStudioVersion = 17.2.32616.157
MinimumVisualStudioVersion = 10.0.40219.1
Project("{FAE04EC0-301F-11D3-BF4B-00C04F79EFBC}") = "WindowsFormsApp1", "WindowsFormsApp1\WindowsFormsApp1.csproj", "{00584238-4C78-449F-A27B-4E9E0DFBDA7A}"
EndProject
Global
	GlobalSection(SolutionConfigurationPlatforms) = preSolution
		Debug|Any CPU = Debug|Any CPU
		Release|Any CPU = Release|Any CPU
	EndGlobalSection
	GlobalSection(ProjectConfigurationPlatforms) = postSolution
		{00584238-4C78-449F-A27B-4E9E0DFBDA7A}.Debug|Any CPU.ActiveCfg = Debug|Any CPU
		{00584238-4C78-449F-A27B-4E9E0DFBDA7A}.Debug|Any CPU.Build.0 = Debug|Any CPU
		{00584238-4C78-449F-A27B-4E9E0DFBDA7A}.Release|Any CPU.ActiveCfg = Release|Any CPU
		{00584238-4C78-449F-A27B-4E9E0DFBDA7A}.Release|Any CPU.Build.0 = Release|Any CPU
	EndGlobalSection
	GlobalSection(SolutionProperties) = preSolution
		HideSolutionNode = FALSE
	EndGlobalSection
	GlobalSection(ExtensibilityGlobals) = postSolution
		SolutionGuid = {BF0F5531-F5C5-4D99-9D3A-944A724D3505}
	EndGlobalSection
EndGlobal
